// !$*UTF8*$!
{
	archiveVersion = 1;
	classes = {
	};
	objectVersion = 55;
	objects = {

/* Begin PBXBuildFile section */
		A32B55322931DD8400AEFC25 /* TableViewController.swift in Sources */ = {isa = PBXBuildFile; fileRef = A32B55312931DD8400AEFC25 /* TableViewController.swift */; };
		A32B55342931E07E00AEFC25 /* Item.swift in Sources */ = {isa = PBXBuildFile; fileRef = A32B55332931E07E00AEFC25 /* Item.swift */; };
		A32B55362931E29400AEFC25 /* ItemStore.swift in Sources */ = {isa = PBXBuildFile; fileRef = A32B55352931E29400AEFC25 /* ItemStore.swift */; };
		A32B55382932F73C00AEFC25 /* ItemCell.swift in Sources */ = {isa = PBXBuildFile; fileRef = A32B55372932F73C00AEFC25 /* ItemCell.swift */; };
		A32B553A2933327300AEFC25 /* DetailViewController.swift in Sources */ = {isa = PBXBuildFile; fileRef = A32B55392933327300AEFC25 /* DetailViewController.swift */; };
		A32B553C2937462600AEFC25 /* ImageStore.swift in Sources */ = {isa = PBXBuildFile; fileRef = A32B553B2937462600AEFC25 /* ImageStore.swift */; };
		A32B553E293882E600AEFC25 /* Line.swift in Sources */ = {isa = PBXBuildFile; fileRef = A32B553D293882E600AEFC25 /* Line.swift */; };
		A32B55402938836700AEFC25 /* DrawView.swift in Sources */ = {isa = PBXBuildFile; fileRef = A32B553F2938836700AEFC25 /* DrawView.swift */; };
		A32B554229399B8900AEFC25 /* TapBarViewController.swift in Sources */ = {isa = PBXBuildFile; fileRef = A32B554129399B8900AEFC25 /* TapBarViewController.swift */; };
		A37F76A929275C0E0044EB9C /* AppDelegate.swift in Sources */ = {isa = PBXBuildFile; fileRef = A37F76A829275C0E0044EB9C /* AppDelegate.swift */; };
		A37F76AB29275C0E0044EB9C /* SceneDelegate.swift in Sources */ = {isa = PBXBuildFile; fileRef = A37F76AA29275C0E0044EB9C /* SceneDelegate.swift */; };
		A37F76AD29275C0E0044EB9C /* NumViewController.swift in Sources */ = {isa = PBXBuildFile; fileRef = A37F76AC29275C0E0044EB9C /* NumViewController.swift */; };
		A37F76B029275C0E0044EB9C /* Main.storyboard in Resources */ = {isa = PBXBuildFile; fileRef = A37F76AE29275C0E0044EB9C /* Main.storyboard */; };
		A37F76B229275C100044EB9C /* Assets.xcassets in Resources */ = {isa = PBXBuildFile; fileRef = A37F76B129275C100044EB9C /* Assets.xcassets */; };
		A37F76B529275C100044EB9C /* LaunchScreen.storyboard in Resources */ = {isa = PBXBuildFile; fileRef = A37F76B329275C100044EB9C /* LaunchScreen.storyboard */; };
		A37F76C029275C110044EB9C /* QuizTests.swift in Sources */ = {isa = PBXBuildFile; fileRef = A37F76BF29275C110044EB9C /* QuizTests.swift */; };
		A37F76CA29275C110044EB9C /* QuizUITests.swift in Sources */ = {isa = PBXBuildFile; fileRef = A37F76C929275C110044EB9C /* QuizUITests.swift */; };
		A37F76CC29275C110044EB9C /* QuizUITestsLaunchTests.swift in Sources */ = {isa = PBXBuildFile; fileRef = A37F76CB29275C110044EB9C /* QuizUITestsLaunchTests.swift */; };
		A387103C2929AE8000EF554D /* MultipleViewController.swift in Sources */ = {isa = PBXBuildFile; fileRef = A387103B2929AE8000EF554D /* MultipleViewController.swift */; };
		A387103E2929AE9300EF554D /* ScoreViewController.swift in Sources */ = {isa = PBXBuildFile; fileRef = A387103D2929AE9300EF554D /* ScoreViewController.swift */; };
/* End PBXBuildFile section */

/* Begin PBXContainerItemProxy section */
		A37F76BC29275C110044EB9C /* PBXContainerItemProxy */ = {
			isa = PBXContainerItemProxy;
			containerPortal = A37F769D29275C0E0044EB9C /* Project object */;
			proxyType = 1;
			remoteGlobalIDString = A37F76A429275C0E0044EB9C;
			remoteInfo = Quiz;
		};
		A37F76C629275C110044EB9C /* PBXContainerItemProxy */ = {
			isa = PBXContainerItemProxy;
			containerPortal = A37F769D29275C0E0044EB9C /* Project object */;
			proxyType = 1;
			remoteGlobalIDString = A37F76A429275C0E0044EB9C;
			remoteInfo = Quiz;
		};
/* End PBXContainerItemProxy section */

/* Begin PBXFileReference section */
		A32B55312931DD8400AEFC25 /* TableViewController.swift */ = {isa = PBXFileReference; lastKnownFileType = sourcecode.swift; path = TableViewController.swift; sourceTree = "<group>"; };
		A32B55332931E07E00AEFC25 /* Item.swift */ = {isa = PBXFileReference; lastKnownFileType = sourcecode.swift; path = Item.swift; sourceTree = "<group>"; };
		A32B55352931E29400AEFC25 /* ItemStore.swift */ = {isa = PBXFileReference; lastKnownFileType = sourcecode.swift; path = ItemStore.swift; sourceTree = "<group>"; };
		A32B55372932F73C00AEFC25 /* ItemCell.swift */ = {isa = PBXFileReference; lastKnownFileType = sourcecode.swift; path = ItemCell.swift; sourceTree = "<group>"; };
		A32B55392933327300AEFC25 /* DetailViewController.swift */ = {isa = PBXFileReference; lastKnownFileType = sourcecode.swift; path = DetailViewController.swift; sourceTree = "<group>"; };
		A32B553B2937462600AEFC25 /* ImageStore.swift */ = {isa = PBXFileReference; lastKnownFileType = sourcecode.swift; path = ImageStore.swift; sourceTree = "<group>"; };
		A32B553D293882E600AEFC25 /* Line.swift */ = {isa = PBXFileReference; lastKnownFileType = sourcecode.swift; path = Line.swift; sourceTree = "<group>"; };
		A32B553F2938836700AEFC25 /* DrawView.swift */ = {isa = PBXFileReference; lastKnownFileType = sourcecode.swift; path = DrawView.swift; sourceTree = "<group>"; };
		A32B554129399B8900AEFC25 /* TapBarViewController.swift */ = {isa = PBXFileReference; lastKnownFileType = sourcecode.swift; path = TapBarViewController.swift; sourceTree = "<group>"; };
		A37F76A529275C0E0044EB9C /* Quiz.app */ = {isa = PBXFileReference; explicitFileType = wrapper.application; includeInIndex = 0; path = Quiz.app; sourceTree = BUILT_PRODUCTS_DIR; };
		A37F76A829275C0E0044EB9C /* AppDelegate.swift */ = {isa = PBXFileReference; lastKnownFileType = sourcecode.swift; path = AppDelegate.swift; sourceTree = "<group>"; };
		A37F76AA29275C0E0044EB9C /* SceneDelegate.swift */ = {isa = PBXFileReference; lastKnownFileType = sourcecode.swift; path = SceneDelegate.swift; sourceTree = "<group>"; };
		A37F76AC29275C0E0044EB9C /* NumViewController.swift */ = {isa = PBXFileReference; lastKnownFileType = sourcecode.swift; path = NumViewController.swift; sourceTree = "<group>"; };
		A37F76AF29275C0E0044EB9C /* Base */ = {isa = PBXFileReference; lastKnownFileType = file.storyboard; name = Base; path = Base.lproj/Main.storyboard; sourceTree = "<group>"; };
		A37F76B129275C100044EB9C /* Assets.xcassets */ = {isa = PBXFileReference; lastKnownFileType = folder.assetcatalog; path = Assets.xcassets; sourceTree = "<group>"; };
		A37F76B429275C100044EB9C /* Base */ = {isa = PBXFileReference; lastKnownFileType = file.storyboard; name = Base; path = Base.lproj/LaunchScreen.storyboard; sourceTree = "<group>"; };
		A37F76B629275C100044EB9C /* Info.plist */ = {isa = PBXFileReference; lastKnownFileType = text.plist.xml; path = Info.plist; sourceTree = "<group>"; };
		A37F76BB29275C110044EB9C /* QuizTests.xctest */ = {isa = PBXFileReference; explicitFileType = wrapper.cfbundle; includeInIndex = 0; path = QuizTests.xctest; sourceTree = BUILT_PRODUCTS_DIR; };
		A37F76BF29275C110044EB9C /* QuizTests.swift */ = {isa = PBXFileReference; lastKnownFileType = sourcecode.swift; path = QuizTests.swift; sourceTree = "<group>"; };
		A37F76C529275C110044EB9C /* QuizUITests.xctest */ = {isa = PBXFileReference; explicitFileType = wrapper.cfbundle; includeInIndex = 0; path = QuizUITests.xctest; sourceTree = BUILT_PRODUCTS_DIR; };
		A37F76C929275C110044EB9C /* QuizUITests.swift */ = {isa = PBXFileReference; lastKnownFileType = sourcecode.swift; path = QuizUITests.swift; sourceTree = "<group>"; };
		A37F76CB29275C110044EB9C /* QuizUITestsLaunchTests.swift */ = {isa = PBXFileReference; lastKnownFileType = sourcecode.swift; path = QuizUITestsLaunchTests.swift; sourceTree = "<group>"; };
		A387103B2929AE8000EF554D /* MultipleViewController.swift */ = {isa = PBXFileReference; lastKnownFileType = sourcecode.swift; path = MultipleViewController.swift; sourceTree = "<group>"; };
		A387103D2929AE9300EF554D /* ScoreViewController.swift */ = {isa = PBXFileReference; lastKnownFileType = sourcecode.swift; path = ScoreViewController.swift; sourceTree = "<group>"; };
/* End PBXFileReference section */

/* Begin PBXFrameworksBuildPhase section */
		A37F76A229275C0E0044EB9C /* Frameworks */ = {
			isa = PBXFrameworksBuildPhase;
			buildActionMask = 2147483647;
			files = (
			);
			runOnlyForDeploymentPostprocessing = 0;
		};
		A37F76B829275C110044EB9C /* Frameworks */ = {
			isa = PBXFrameworksBuildPhase;
			buildActionMask = 2147483647;
			files = (
			);
			runOnlyForDeploymentPostprocessing = 0;
		};
		A37F76C229275C110044EB9C /* Frameworks */ = {
			isa = PBXFrameworksBuildPhase;
			buildActionMask = 2147483647;
			files = (
			);
			runOnlyForDeploymentPostprocessing = 0;
		};
/* End PBXFrameworksBuildPhase section */

/* Begin PBXGroup section */
		A37F769C29275C0E0044EB9C = {
			isa = PBXGroup;
			children = (
				A37F76A729275C0E0044EB9C /* Quiz */,
				A37F76BE29275C110044EB9C /* QuizTests */,
				A37F76C829275C110044EB9C /* QuizUITests */,
				A37F76A629275C0E0044EB9C /* Products */,
			);
			sourceTree = "<group>";
		};
		A37F76A629275C0E0044EB9C /* Products */ = {
			isa = PBXGroup;
			children = (
				A37F76A529275C0E0044EB9C /* Quiz.app */,
				A37F76BB29275C110044EB9C /* QuizTests.xctest */,
				A37F76C529275C110044EB9C /* QuizUITests.xctest */,
			);
			name = Products;
			sourceTree = "<group>";
		};
		A37F76A729275C0E0044EB9C /* Quiz */ = {
			isa = PBXGroup;
			children = (
				A37F76A829275C0E0044EB9C /* AppDelegate.swift */,
				A37F76AA29275C0E0044EB9C /* SceneDelegate.swift */,
				A37F76AC29275C0E0044EB9C /* NumViewController.swift */,
				A387103B2929AE8000EF554D /* MultipleViewController.swift */,
				A387103D2929AE9300EF554D /* ScoreViewController.swift */,
				A32B55312931DD8400AEFC25 /* TableViewController.swift */,
				A32B55392933327300AEFC25 /* DetailViewController.swift */,
				A37F76AE29275C0E0044EB9C /* Main.storyboard */,
				A37F76B129275C100044EB9C /* Assets.xcassets */,
				A37F76B329275C100044EB9C /* LaunchScreen.storyboard */,
				A37F76B629275C100044EB9C /* Info.plist */,
				A32B55332931E07E00AEFC25 /* Item.swift */,
				A32B55352931E29400AEFC25 /* ItemStore.swift */,
				A32B55372932F73C00AEFC25 /* ItemCell.swift */,
				A32B553B2937462600AEFC25 /* ImageStore.swift */,
				A32B553D293882E600AEFC25 /* Line.swift */,
				A32B553F2938836700AEFC25 /* DrawView.swift */,
				A32B554129399B8900AEFC25 /* TapBarViewController.swift */,
			);
			path = Quiz;
			sourceTree = "<group>";
		};
		A37F76BE29275C110044EB9C /* QuizTests */ = {
			isa = PBXGroup;
			children = (
				A37F76BF29275C110044EB9C /* QuizTests.swift */,
			);
			path = QuizTests;
			sourceTree = "<group>";
		};
		A37F76C829275C110044EB9C /* QuizUITests */ = {
			isa = PBXGroup;
			children = (
				A37F76C929275C110044EB9C /* QuizUITests.swift */,
				A37F76CB29275C110044EB9C /* QuizUITestsLaunchTests.swift */,
			);
			path = QuizUITests;
			sourceTree = "<group>";
		};
/* End PBXGroup section */

/* Begin PBXNativeTarget section */
		A37F76A429275C0E0044EB9C /* Quiz */ = {
			isa = PBXNativeTarget;
			buildConfigurationList = A37F76CF29275C110044EB9C /* Build configuration list for PBXNativeTarget "Quiz" */;
			buildPhases = (
				A37F76A129275C0E0044EB9C /* Sources */,
				A37F76A229275C0E0044EB9C /* Frameworks */,
				A37F76A329275C0E0044EB9C /* Resources */,
			);
			buildRules = (
			);
			dependencies = (
			);
			name = Quiz;
			productName = Quiz;
			productReference = A37F76A529275C0E0044EB9C /* Quiz.app */;
			productType = "com.apple.product-type.application";
		};
		A37F76BA29275C110044EB9C /* QuizTests */ = {
			isa = PBXNativeTarget;
			buildConfigurationList = A37F76D229275C110044EB9C /* Build configuration list for PBXNativeTarget "QuizTests" */;
			buildPhases = (
				A37F76B729275C110044EB9C /* Sources */,
				A37F76B829275C110044EB9C /* Frameworks */,
				A37F76B929275C110044EB9C /* Resources */,
			);
			buildRules = (
			);
			dependencies = (
				A37F76BD29275C110044EB9C /* PBXTargetDependency */,
			);
			name = QuizTests;
			productName = QuizTests;
			productReference = A37F76BB29275C110044EB9C /* QuizTests.xctest */;
			productType = "com.apple.product-type.bundle.unit-test";
		};
		A37F76C429275C110044EB9C /* QuizUITests */ = {
			isa = PBXNativeTarget;
			buildConfigurationList = A37F76D529275C110044EB9C /* Build configuration list for PBXNativeTarget "QuizUITests" */;
			buildPhases = (
				A37F76C129275C110044EB9C /* Sources */,
				A37F76C229275C110044EB9C /* Frameworks */,
				A37F76C329275C110044EB9C /* Resources */,
			);
			buildRules = (
			);
			dependencies = (
				A37F76C729275C110044EB9C /* PBXTargetDependency */,
			);
			name = QuizUITests;
			productName = QuizUITests;
			productReference = A37F76C529275C110044EB9C /* QuizUITests.xctest */;
			productType = "com.apple.product-type.bundle.ui-testing";
		};
/* End PBXNativeTarget section */

/* Begin PBXProject section */
		A37F769D29275C0E0044EB9C /* Project object */ = {
			isa = PBXProject;
			attributes = {
				BuildIndependentTargetsInParallel = 1;
				LastSwiftUpdateCheck = 1340;
				LastUpgradeCheck = 1340;
				TargetAttributes = {
					A37F76A429275C0E0044EB9C = {
						CreatedOnToolsVersion = 13.4.1;
					};
					A37F76BA29275C110044EB9C = {
						CreatedOnToolsVersion = 13.4.1;
						TestTargetID = A37F76A429275C0E0044EB9C;
					};
					A37F76C429275C110044EB9C = {
						CreatedOnToolsVersion = 13.4.1;
						TestTargetID = A37F76A429275C0E0044EB9C;
					};
				};
			};
			buildConfigurationList = A37F76A029275C0E0044EB9C /* Build configuration list for PBXProject "Quiz" */;
			compatibilityVersion = "Xcode 13.0";
			developmentRegion = en;
			hasScannedForEncodings = 0;
			knownRegions = (
				en,
				Base,
			);
			mainGroup = A37F769C29275C0E0044EB9C;
			productRefGroup = A37F76A629275C0E0044EB9C /* Products */;
			projectDirPath = "";
			projectRoot = "";
			targets = (
				A37F76A429275C0E0044EB9C /* Quiz */,
				A37F76BA29275C110044EB9C /* QuizTests */,
				A37F76C429275C110044EB9C /* QuizUITests */,
			);
		};
/* End PBXProject section */

/* Begin PBXResourcesBuildPhase section */
		A37F76A329275C0E0044EB9C /* Resources */ = {
			isa = PBXResourcesBuildPhase;
			buildActionMask = 2147483647;
			files = (
				A37F76B529275C100044EB9C /* LaunchScreen.storyboard in Resources */,
				A37F76B229275C100044EB9C /* Assets.xcassets in Resources */,
				A37F76B029275C0E0044EB9C /* Main.storyboard in Resources */,
			);
			runOnlyForDeploymentPostprocessing = 0;
		};
		A37F76B929275C110044EB9C /* Resources */ = {
			isa = PBXResourcesBuildPhase;
			buildActionMask = 2147483647;
			files = (
			);
			runOnlyForDeploymentPostprocessing = 0;
		};
		A37F76C329275C110044EB9C /* Resources */ = {
			isa = PBXResourcesBuildPhase;
			buildActionMask = 2147483647;
			files = (
			);
			runOnlyForDeploymentPostprocessing = 0;
		};
/* End PBXResourcesBuildPhase section */

/* Begin PBXSourcesBuildPhase section */
		A37F76A129275C0E0044EB9C /* Sources */ = {
			isa = PBXSourcesBuildPhase;
			buildActionMask = 2147483647;
			files = (
				A32B554229399B8900AEFC25 /* TapBarViewController.swift in Sources */,
				A32B553C2937462600AEFC25 /* ImageStore.swift in Sources */,
				A37F76AD29275C0E0044EB9C /* NumViewController.swift in Sources */,
				A32B55322931DD8400AEFC25 /* TableViewController.swift in Sources */,
				A37F76A929275C0E0044EB9C /* AppDelegate.swift in Sources */,
				A387103E2929AE9300EF554D /* ScoreViewController.swift in Sources */,
				A32B55342931E07E00AEFC25 /* Item.swift in Sources */,
				A387103C2929AE8000EF554D /* MultipleViewController.swift in Sources */,
				A32B55382932F73C00AEFC25 /* ItemCell.swift in Sources */,
				A32B55402938836700AEFC25 /* DrawView.swift in Sources */,
				A32B553A2933327300AEFC25 /* DetailViewController.swift in Sources */,
				A32B553E293882E600AEFC25 /* Line.swift in Sources */,
				A32B55362931E29400AEFC25 /* ItemStore.swift in Sources */,
				A37F76AB29275C0E0044EB9C /* SceneDelegate.swift in Sources */,
			);
			runOnlyForDeploymentPostprocessing = 0;
		};
		A37F76B729275C110044EB9C /* Sources */ = {
			isa = PBXSourcesBuildPhase;
			buildActionMask = 2147483647;
			files = (
				A37F76C029275C110044EB9C /* QuizTests.swift in Sources */,
			);
			runOnlyForDeploymentPostprocessing = 0;
		};
		A37F76C129275C110044EB9C /* Sources */ = {
			isa = PBXSourcesBuildPhase;
			buildActionMask = 2147483647;
			files = (
				A37F76CA29275C110044EB9C /* QuizUITests.swift in Sources */,
				A37F76CC29275C110044EB9C /* QuizUITestsLaunchTests.swift in Sources */,
			);
			runOnlyForDeploymentPostprocessing = 0;
		};
/* End PBXSourcesBuildPhase section */

/* Begin PBXTargetDependency section */
		A37F76BD29275C110044EB9C /* PBXTargetDependency */ = {
			isa = PBXTargetDependency;
			target = A37F76A429275C0E0044EB9C /* Quiz */;
			targetProxy = A37F76BC29275C110044EB9C /* PBXContainerItemProxy */;
		};
		A37F76C729275C110044EB9C /* PBXTargetDependency */ = {
			isa = PBXTargetDependency;
			target = A37F76A429275C0E0044EB9C /* Quiz */;
			targetProxy = A37F76C629275C110044EB9C /* PBXContainerItemProxy */;
		};
/* End PBXTargetDependency section */

/* Begin PBXVariantGroup section */
		A37F76AE29275C0E0044EB9C /* Main.storyboard */ = {
			isa = PBXVariantGroup;
			children = (
				A37F76AF29275C0E0044EB9C /* Base */,
			);
			name = Main.storyboard;
			sourceTree = "<group>";
		};
		A37F76B329275C100044EB9C /* LaunchScreen.storyboard */ = {
			isa = PBXVariantGroup;
			children = (
				A37F76B429275C100044EB9C /* Base */,
			);
			name = LaunchScreen.storyboard;
			sourceTree = "<group>";
		};
/* End PBXVariantGroup section */

/* Begin XCBuildConfiguration section */
		A37F76CD29275C110044EB9C /* Debug */ = {
			isa = XCBuildConfiguration;
			buildSettings = {
				ALWAYS_SEARCH_USER_PATHS = NO;
				CLANG_ANALYZER_NONNULL = YES;
				CLANG_ANALYZER_NUMBER_OBJECT_CONVERSION = YES_AGGRESSIVE;
				CLANG_CXX_LANGUAGE_STANDARD = "gnu++17";
				CLANG_ENABLE_MODULES = YES;
				CLANG_ENABLE_OBJC_ARC = YES;
				CLANG_ENABLE_OBJC_WEAK = YES;
				CLANG_WARN_BLOCK_CAPTURE_AUTORELEASING = YES;
				CLANG_WARN_BOOL_CONVERSION = YES;
				CLANG_WARN_COMMA = YES;
				CLANG_WARN_CONSTANT_CONVERSION = YES;
				CLANG_WARN_DEPRECATED_OBJC_IMPLEMENTATIONS = YES;
				CLANG_WARN_DIRECT_OBJC_ISA_USAGE = YES_ERROR;
				CLANG_WARN_DOCUMENTATION_COMMENTS = YES;
				CLANG_WARN_EMPTY_BODY = YES;
				CLANG_WARN_ENUM_CONVERSION = YES;
				CLANG_WARN_INFINITE_RECURSION = YES;
				CLANG_WARN_INT_CONVERSION = YES;
				CLANG_WARN_NON_LITERAL_NULL_CONVERSION = YES;
				CLANG_WARN_OBJC_IMPLICIT_RETAIN_SELF = YES;
				CLANG_WARN_OBJC_LITERAL_CONVERSION = YES;
				CLANG_WARN_OBJC_ROOT_CLASS = YES_ERROR;
				CLANG_WARN_QUOTED_INCLUDE_IN_FRAMEWORK_HEADER = YES;
				CLANG_WARN_RANGE_LOOP_ANALYSIS = YES;
				CLANG_WARN_STRICT_PROTOTYPES = YES;
				CLANG_WARN_SUSPICIOUS_MOVE = YES;
				CLANG_WARN_UNGUARDED_AVAILABILITY = YES_AGGRESSIVE;
				CLANG_WARN_UNREACHABLE_CODE = YES;
				CLANG_WARN__DUPLICATE_METHOD_MATCH = YES;
				COPY_PHASE_STRIP = NO;
				DEBUG_INFORMATION_FORMAT = dwarf;
				ENABLE_STRICT_OBJC_MSGSEND = YES;
				ENABLE_TESTABILITY = YES;
				GCC_C_LANGUAGE_STANDARD = gnu11;
				GCC_DYNAMIC_NO_PIC = NO;
				GCC_NO_COMMON_BLOCKS = YES;
				GCC_OPTIMIZATION_LEVEL = 0;
				GCC_PREPROCESSOR_DEFINITIONS = (
					"DEBUG=1",
					"$(inherited)",
				);
				GCC_WARN_64_TO_32_BIT_CONVERSION = YES;
				GCC_WARN_ABOUT_RETURN_TYPE = YES_ERROR;
				GCC_WARN_UNDECLARED_SELECTOR = YES;
				GCC_WARN_UNINITIALIZED_AUTOS = YES_AGGRESSIVE;
				GCC_WARN_UNUSED_FUNCTION = YES;
				GCC_WARN_UNUSED_VARIABLE = YES;
				IPHONEOS_DEPLOYMENT_TARGET = 15.5;
				MTL_ENABLE_DEBUG_INFO = INCLUDE_SOURCE;
				MTL_FAST_MATH = YES;
				ONLY_ACTIVE_ARCH = YES;
				SDKROOT = iphoneos;
				SWIFT_ACTIVE_COMPILATION_CONDITIONS = DEBUG;
				SWIFT_OPTIMIZATION_LEVEL = "-Onone";
			};
			name = Debug;
		};
		A37F76CE29275C110044EB9C /* Release */ = {
			isa = XCBuildConfiguration;
			buildSettings = {
				ALWAYS_SEARCH_USER_PATHS = NO;
				CLANG_ANALYZER_NONNULL = YES;
				CLANG_ANALYZER_NUMBER_OBJECT_CONVERSION = YES_AGGRESSIVE;
				CLANG_CXX_LANGUAGE_STANDARD = "gnu++17";
				CLANG_ENABLE_MODULES = YES;
				CLANG_ENABLE_OBJC_ARC = YES;
				CLANG_ENABLE_OBJC_WEAK = YES;
				CLANG_WARN_BLOCK_CAPTURE_AUTORELEASING = YES;
				CLANG_WARN_BOOL_CONVERSION = YES;
				CLANG_WARN_COMMA = YES;
				CLANG_WARN_CONSTANT_CONVERSION = YES;
				CLANG_WARN_DEPRECATED_OBJC_IMPLEMENTATIONS = YES;
				CLANG_WARN_DIRECT_OBJC_ISA_USAGE = YES_ERROR;
				CLANG_WARN_DOCUMENTATION_COMMENTS = YES;
				CLANG_WARN_EMPTY_BODY = YES;
				CLANG_WARN_ENUM_CONVERSION = YES;
				CLANG_WARN_INFINITE_RECURSION = YES;
				CLANG_WARN_INT_CONVERSION = YES;
				CLANG_WARN_NON_LITERAL_NULL_CONVERSION = YES;
				CLANG_WARN_OBJC_IMPLICIT_RETAIN_SELF = YES;
				CLANG_WARN_OBJC_LITERAL_CONVERSION = YES;
				CLANG_WARN_OBJC_ROOT_CLASS = YES_ERROR;
				CLANG_WARN_QUOTED_INCLUDE_IN_FRAMEWORK_HEADER = YES;
				CLANG_WARN_RANGE_LOOP_ANALYSIS = YES;
				CLANG_WARN_STRICT_PROTOTYPES = YES;
				CLANG_WARN_SUSPICIOUS_MOVE = YES;
				CLANG_WARN_UNGUARDED_AVAILABILITY = YES_AGGRESSIVE;
				CLANG_WARN_UNREACHABLE_CODE = YES;
				CLANG_WARN__DUPLICATE_METHOD_MATCH = YES;
				COPY_PHASE_STRIP = NO;
				DEBUG_INFORMATION_FORMAT = "dwarf-with-dsym";
				ENABLE_NS_ASSERTIONS = NO;
				ENABLE_STRICT_OBJC_MSGSEND = YES;
				GCC_C_LANGUAGE_STANDARD = gnu11;
				GCC_NO_COMMON_BLOCKS = YES;
				GCC_WARN_64_TO_32_BIT_CONVERSION = YES;
				GCC_WARN_ABOUT_RETURN_TYPE = YES_ERROR;
				GCC_WARN_UNDECLARED_SELECTOR = YES;
				GCC_WARN_UNINITIALIZED_AUTOS = YES_AGGRESSIVE;
				GCC_WARN_UNUSED_FUNCTION = YES;
				GCC_WARN_UNUSED_VARIABLE = YES;
				IPHONEOS_DEPLOYMENT_TARGET = 15.5;
				MTL_ENABLE_DEBUG_INFO = NO;
				MTL_FAST_MATH = YES;
				SDKROOT = iphoneos;
				SWIFT_COMPILATION_MODE = wholemodule;
				SWIFT_OPTIMIZATION_LEVEL = "-O";
				VALIDATE_PRODUCT = YES;
			};
			name = Release;
		};
		A37F76D029275C110044EB9C /* Debug */ = {
			isa = XCBuildConfiguration;
			buildSettings = {
				ASSETCATALOG_COMPILER_APPICON_NAME = AppIcon;
				ASSETCATALOG_COMPILER_GLOBAL_ACCENT_COLOR_NAME = AccentColor;
				CODE_SIGN_STYLE = Automatic;
				CURRENT_PROJECT_VERSION = 1;
				GENERATE_INFOPLIST_FILE = YES;
				INFOPLIST_FILE = Quiz/Info.plist;
				INFOPLIST_KEY_NSCameraUsageDescription = "This app uses the camera";
				INFOPLIST_KEY_UIApplicationSupportsIndirectInputEvents = YES;
				INFOPLIST_KEY_UILaunchStoryboardName = LaunchScreen;
				INFOPLIST_KEY_UIMainStoryboardFile = Main;
				INFOPLIST_KEY_UISupportedInterfaceOrientations_iPad = "UIInterfaceOrientationPortrait UIInterfaceOrientationPortraitUpsideDown UIInterfaceOrientationLandscapeLeft UIInterfaceOrientationLandscapeRight";
				INFOPLIST_KEY_UISupportedInterfaceOrientations_iPhone = "UIInterfaceOrientationPortrait UIInterfaceOrientationLandscapeLeft UIInterfaceOrientationLandscapeRight";
				LD_RUNPATH_SEARCH_PATHS = (
					"$(inherited)",
					"@executable_path/Frameworks",
				);
				MARKETING_VERSION = 1.0;
				PRODUCT_BUNDLE_IDENTIFIER = com.suuny.Quiz;
				PRODUCT_NAME = "$(TARGET_NAME)";
				SWIFT_EMIT_LOC_STRINGS = YES;
				SWIFT_VERSION = 5.0;
				TARGETED_DEVICE_FAMILY = "1,2";
			};
			name = Debug;
		};
		A37F76D129275C110044EB9C /* Release */ = {
			isa = XCBuildConfiguration;
			buildSettings = {
				ASSETCATALOG_COMPILER_APPICON_NAME = AppIcon;
				ASSETCATALOG_COMPILER_GLOBAL_ACCENT_COLOR_NAME = AccentColor;
				CODE_SIGN_STYLE = Automatic;
				CURRENT_PROJECT_VERSION = 1;
				GENERATE_INFOPLIST_FILE = YES;
				INFOPLIST_FILE = Quiz/Info.plist;
				INFOPLIST_KEY_NSCameraUsageDescription = "This app uses the camera";
				INFOPLIST_KEY_UIApplicationSupportsIndirectInputEvents = YES;
				INFOPLIST_KEY_UILaunchStoryboardName = LaunchScreen;
				INFOPLIST_KEY_UIMainStoryboardFile = Main;
				INFOPLIST_KEY_UISupportedInterfaceOrientations_iPad = "UIInterfaceOrientationPortrait UIInterfaceOrientationPortraitUpsideDown UIInterfaceOrientationLandscapeLeft UIInterfaceOrientationLandscapeRight";
				INFOPLIST_KEY_UISupportedInterfaceOrientations_iPhone = "UIInterfaceOrientationPortrait UIInterfaceOrientationLandscapeLeft UIInterfaceOrientationLandscapeRight";
				LD_RUNPATH_SEARCH_PATHS = (
					"$(inherited)",
					"@executable_path/Frameworks",
				);
				MARKETING_VERSION = 1.0;
				PRODUCT_BUNDLE_IDENTIFIER = com.suuny.Quiz;
				PRODUCT_NAME = "$(TARGET_NAME)";
				SWIFT_EMIT_LOC_STRINGS = YES;
				SWIFT_VERSION = 5.0;
				TARGETED_DEVICE_FAMILY = "1,2";
			};
			name = Release;
		};
		A37F76D329275C110044EB9C /* Debug */ = {
			isa = XCBuildConfiguration;
			buildSettings = {
				ALWAYS_EMBED_SWIFT_STANDARD_LIBRARIES = YES;
				BUNDLE_LOADER = "$(TEST_HOST)";
				CODE_SIGN_STYLE = Automatic;
				CURRENT_PROJECT_VERSION = 1;
				GENERATE_INFOPLIST_FILE = YES;
				IPHONEOS_DEPLOYMENT_TARGET = 15.5;
				MARKETING_VERSION = 1.0;
				PRODUCT_BUNDLE_IDENTIFIER = com.suuny.QuizTests;
				PRODUCT_NAME = "$(TARGET_NAME)";
				SWIFT_EMIT_LOC_STRINGS = NO;
				SWIFT_VERSION = 5.0;
				TARGETED_DEVICE_FAMILY = "1,2";
				TEST_HOST = "$(BUILT_PRODUCTS_DIR)/Quiz.app/Quiz";
			};
			name = Debug;
		};
		A37F76D429275C110044EB9C /* Release */ = {
			isa = XCBuildConfiguration;
			buildSettings = {
				ALWAYS_EMBED_SWIFT_STANDARD_LIBRARIES = YES;
				BUNDLE_LOADER = "$(TEST_HOST)";
				CODE_SIGN_STYLE = Automatic;
				CURRENT_PROJECT_VERSION = 1;
				GENERATE_INFOPLIST_FILE = YES;
				IPHONEOS_DEPLOYMENT_TARGET = 15.5;
				MARKETING_VERSION = 1.0;
				PRODUCT_BUNDLE_IDENTIFIER = com.suuny.QuizTests;
				PRODUCT_NAME = "$(TARGET_NAME)";
				SWIFT_EMIT_LOC_STRINGS = NO;
				SWIFT_VERSION = 5.0;
				TARGETED_DEVICE_FAMILY = "1,2";
				TEST_HOST = "$(BUILT_PRODUCTS_DIR)/Quiz.app/Quiz";
			};
			name = Release;
		};
		A37F76D629275C110044EB9C /* Debug */ = {
			isa = XCBuildConfiguration;
			buildSettings = {
				ALWAYS_EMBED_SWIFT_STANDARD_LIBRARIES = YES;
				CODE_SIGN_STYLE = Automatic;
				CURRENT_PROJECT_VERSION = 1;
				GENERATE_INFOPLIST_FILE = YES;
				MARKETING_VERSION = 1.0;
				PRODUCT_BUNDLE_IDENTIFIER = com.suuny.QuizUITests;
				PRODUCT_NAME = "$(TARGET_NAME)";
				SWIFT_EMIT_LOC_STRINGS = NO;
				SWIFT_VERSION = 5.0;
				TARGETED_DEVICE_FAMILY = "1,2";
				TEST_TARGET_NAME = Quiz;
			};
			name = Debug;
		};
		A37F76D729275C110044EB9C /* Release */ = {
			isa = XCBuildConfiguration;
			buildSettings = {
				ALWAYS_EMBED_SWIFT_STANDARD_LIBRARIES = YES;
				CODE_SIGN_STYLE = Automatic;
				CURRENT_PROJECT_VERSION = 1;
				GENERATE_INFOPLIST_FILE = YES;
				MARKETING_VERSION = 1.0;
				PRODUCT_BUNDLE_IDENTIFIER = com.suuny.QuizUITests;
				PRODUCT_NAME = "$(TARGET_NAME)";
				SWIFT_EMIT_LOC_STRINGS = NO;
				SWIFT_VERSION = 5.0;
				TARGETED_DEVICE_FAMILY = "1,2";
				TEST_TARGET_NAME = Quiz;
			};
			name = Release;
		};
/* End XCBuildConfiguration section */

/* Begin XCConfigurationList section */
		A37F76A029275C0E0044EB9C /* Build configuration list for PBXProject "Quiz" */ = {
			isa = XCConfigurationList;
			buildConfigurations = (
				A37F76CD29275C110044EB9C /* Debug */,
				A37F76CE29275C110044EB9C /* Release */,
			);
			defaultConfigurationIsVisible = 0;
			defaultConfigurationName = Release;
		};
		A37F76CF29275C110044EB9C /* Build configuration list for PBXNativeTarget "Quiz" */ = {
			isa = XCConfigurationList;
			buildConfigurations = (
				A37F76D029275C110044EB9C /* Debug */,
				A37F76D129275C110044EB9C /* Release */,
			);
			defaultConfigurationIsVisible = 0;
			defaultConfigurationName = Release;
		};
		A37F76D229275C110044EB9C /* Build configuration list for PBXNativeTarget "QuizTests" */ = {
			isa = XCConfigurationList;
			buildConfigurations = (
				A37F76D329275C110044EB9C /* Debug */,
				A37F76D429275C110044EB9C /* Release */,
			);
			defaultConfigurationIsVisible = 0;
			defaultConfigurationName = Release;
		};
		A37F76D529275C110044EB9C /* Build configuration list for PBXNativeTarget "QuizUITests" */ = {
			isa = XCConfigurationList;
			buildConfigurations = (
				A37F76D629275C110044EB9C /* Debug */,
				A37F76D729275C110044EB9C /* Release */,
			);
			defaultConfigurationIsVisible = 0;
			defaultConfigurationName = Release;
		};
/* End XCConfigurationList section */
	};
	rootObject = A37F769D29275C0E0044EB9C /* Project object */;
}
